// !$*UTF8*$!
{
	archiveVersion = 1;
	classes = {
	};
	objectVersion = 56;
	objects = {

/* Begin PBXBuildFile section */
		8FBBCCAD2BF79C8200D2A1B1 /* eczaneApp.swift in Sources */ = {isa = PBXBuildFile; fileRef = 8FBBCCAC2BF79C8200D2A1B1 /* eczaneApp.swift */; };
		8FBBCCAF2BF79C8200D2A1B1 /* ContentView.swift in Sources */ = {isa = PBXBuildFile; fileRef = 8FBBCCAE2BF79C8200D2A1B1 /* ContentView.swift */; };
		8FBBCCB12BF79C8200D2A1B1 /* Item.swift in Sources */ = {isa = PBXBuildFile; fileRef = 8FBBCCB02BF79C8200D2A1B1 /* Item.swift */; };
		8FBBCCB32BF79C8300D2A1B1 /* Assets.xcassets in Resources */ = {isa = PBXBuildFile; fileRef = 8FBBCCB22BF79C8300D2A1B1 /* Assets.xcassets */; };
		8FBBCCB62BF79C8300D2A1B1 /* Preview Assets.xcassets in Resources */ = {isa = PBXBuildFile; fileRef = 8FBBCCB52BF79C8300D2A1B1 /* Preview Assets.xcassets */; };
		8FBBCCC02BF79C8300D2A1B1 /* eczaneTests.swift in Sources */ = {isa = PBXBuildFile; fileRef = 8FBBCCBF2BF79C8300D2A1B1 /* eczaneTests.swift */; };
		8FBBCCCA2BF79C8400D2A1B1 /* eczaneUITests.swift in Sources */ = {isa = PBXBuildFile; fileRef = 8FBBCCC92BF79C8400D2A1B1 /* eczaneUITests.swift */; };
		8FBBCCCC2BF79C8400D2A1B1 /* eczaneUITestsLaunchTests.swift in Sources */ = {isa = PBXBuildFile; fileRef = 8FBBCCCB2BF79C8400D2A1B1 /* eczaneUITestsLaunchTests.swift */; };
		8FBBCCEB2BF79F9A00D2A1B1 /* PharmacyModel.swift in Sources */ = {isa = PBXBuildFile; fileRef = 8FBBCCEA2BF79F9A00D2A1B1 /* PharmacyModel.swift */; };
		8FBBCCED2BF79F9F00D2A1B1 /* ApiResponse.swift in Sources */ = {isa = PBXBuildFile; fileRef = 8FBBCCEC2BF79F9F00D2A1B1 /* ApiResponse.swift */; };
		8FBBCCF22BF7A00300D2A1B1 /* PharmacyListView.swift in Sources */ = {isa = PBXBuildFile; fileRef = 8FBBCCEF2BF7A00300D2A1B1 /* PharmacyListView.swift */; };
		8FBBCD002BF7A60B00D2A1B1 /* HeaderView.swift in Sources */ = {isa = PBXBuildFile; fileRef = 8FBBCCFF2BF7A60B00D2A1B1 /* HeaderView.swift */; };
		8FBBCD042BF7A97100D2A1B1 /* SearchButton.swift in Sources */ = {isa = PBXBuildFile; fileRef = 8FBBCD032BF7A97100D2A1B1 /* SearchButton.swift */; };
		8FBBCD062BF7AA8A00D2A1B1 /* APIService.swift in Sources */ = {isa = PBXBuildFile; fileRef = 8FBBCD052BF7AA8A00D2A1B1 /* APIService.swift */; };
		8FBBCD442BFD145E00D2A1B1 /* AppColors.swift in Sources */ = {isa = PBXBuildFile; fileRef = 8FBBCD432BFD145E00D2A1B1 /* AppColors.swift */; };
		8FBBCD482BFDE22D00D2A1B1 /* SelectButton.swift in Sources */ = {isa = PBXBuildFile; fileRef = 8FBBCD472BFDE22D00D2A1B1 /* SelectButton.swift */; };
		8FBBCD4A2BFDE25C00D2A1B1 /* CustomBackButton.swift in Sources */ = {isa = PBXBuildFile; fileRef = 8FBBCD492BFDE25C00D2A1B1 /* CustomBackButton.swift */; };
		8FBBCD4C2BFDE3A600D2A1B1 /* TextComponents.swift in Sources */ = {isa = PBXBuildFile; fileRef = 8FBBCD4B2BFDE3A600D2A1B1 /* TextComponents.swift */; };
		8FBBCD4E2BFDEA8600D2A1B1 /* DistrictSelectionView.swift in Sources */ = {isa = PBXBuildFile; fileRef = 8FBBCD4D2BFDEA8600D2A1B1 /* DistrictSelectionView.swift */; };
/* End PBXBuildFile section */

/* Begin PBXBuildRule section */
		8FBBCCF82BF7A1B300D2A1B1 /* PBXBuildRule */ = {
			isa = PBXBuildRule;
			compilerSpec = com.apple.compilers.proxy.script;
			fileType = pattern.proxy;
			inputFiles = (
			);
			isEditable = 1;
			outputFiles = (
			);
			script = "# Type a script or drag a script file from your workspace to insert its path.\n";
		};
/* End PBXBuildRule section */

/* Begin PBXContainerItemProxy section */
		8FBBCCBC2BF79C8300D2A1B1 /* PBXContainerItemProxy */ = {
			isa = PBXContainerItemProxy;
			containerPortal = 8FBBCCA12BF79C8200D2A1B1 /* Project object */;
			proxyType = 1;
			remoteGlobalIDString = 8FBBCCA82BF79C8200D2A1B1;
			remoteInfo = eczane;
		};
		8FBBCCC62BF79C8400D2A1B1 /* PBXContainerItemProxy */ = {
			isa = PBXContainerItemProxy;
			containerPortal = 8FBBCCA12BF79C8200D2A1B1 /* Project object */;
			proxyType = 1;
			remoteGlobalIDString = 8FBBCCA82BF79C8200D2A1B1;
			remoteInfo = eczane;
		};
/* End PBXContainerItemProxy section */

/* Begin PBXFileReference section */
		8FBBCCA92BF79C8200D2A1B1 /* eczane.app */ = {isa = PBXFileReference; explicitFileType = wrapper.application; includeInIndex = 0; path = eczane.app; sourceTree = BUILT_PRODUCTS_DIR; };
		8FBBCCAC2BF79C8200D2A1B1 /* eczaneApp.swift */ = {isa = PBXFileReference; lastKnownFileType = sourcecode.swift; path = eczaneApp.swift; sourceTree = "<group>"; };
		8FBBCCAE2BF79C8200D2A1B1 /* ContentView.swift */ = {isa = PBXFileReference; lastKnownFileType = sourcecode.swift; path = ContentView.swift; sourceTree = "<group>"; };
		8FBBCCB02BF79C8200D2A1B1 /* Item.swift */ = {isa = PBXFileReference; lastKnownFileType = sourcecode.swift; path = Item.swift; sourceTree = "<group>"; };
		8FBBCCB22BF79C8300D2A1B1 /* Assets.xcassets */ = {isa = PBXFileReference; lastKnownFileType = folder.assetcatalog; path = Assets.xcassets; sourceTree = "<group>"; };
		8FBBCCB52BF79C8300D2A1B1 /* Preview Assets.xcassets */ = {isa = PBXFileReference; lastKnownFileType = folder.assetcatalog; path = "Preview Assets.xcassets"; sourceTree = "<group>"; };
		8FBBCCBB2BF79C8300D2A1B1 /* eczaneTests.xctest */ = {isa = PBXFileReference; explicitFileType = wrapper.cfbundle; includeInIndex = 0; path = eczaneTests.xctest; sourceTree = BUILT_PRODUCTS_DIR; };
		8FBBCCBF2BF79C8300D2A1B1 /* eczaneTests.swift */ = {isa = PBXFileReference; lastKnownFileType = sourcecode.swift; path = eczaneTests.swift; sourceTree = "<group>"; };
		8FBBCCC52BF79C8400D2A1B1 /* eczaneUITests.xctest */ = {isa = PBXFileReference; explicitFileType = wrapper.cfbundle; includeInIndex = 0; path = eczaneUITests.xctest; sourceTree = BUILT_PRODUCTS_DIR; };
		8FBBCCC92BF79C8400D2A1B1 /* eczaneUITests.swift */ = {isa = PBXFileReference; lastKnownFileType = sourcecode.swift; path = eczaneUITests.swift; sourceTree = "<group>"; };
		8FBBCCCB2BF79C8400D2A1B1 /* eczaneUITestsLaunchTests.swift */ = {isa = PBXFileReference; lastKnownFileType = sourcecode.swift; path = eczaneUITestsLaunchTests.swift; sourceTree = "<group>"; };
		8FBBCCEA2BF79F9A00D2A1B1 /* PharmacyModel.swift */ = {isa = PBXFileReference; lastKnownFileType = sourcecode.swift; name = PharmacyModel.swift; path = ../PharmacyModel.swift; sourceTree = "<group>"; };
		8FBBCCEC2BF79F9F00D2A1B1 /* ApiResponse.swift */ = {isa = PBXFileReference; lastKnownFileType = sourcecode.swift; name = ApiResponse.swift; path = ../ApiResponse.swift; sourceTree = "<group>"; };
		8FBBCCEF2BF7A00300D2A1B1 /* PharmacyListView.swift */ = {isa = PBXFileReference; fileEncoding = 4; lastKnownFileType = sourcecode.swift; path = PharmacyListView.swift; sourceTree = "<group>"; };
		8FBBCCFF2BF7A60B00D2A1B1 /* HeaderView.swift */ = {isa = PBXFileReference; lastKnownFileType = sourcecode.swift; path = HeaderView.swift; sourceTree = "<group>"; };
		8FBBCD032BF7A97100D2A1B1 /* SearchButton.swift */ = {isa = PBXFileReference; lastKnownFileType = sourcecode.swift; path = SearchButton.swift; sourceTree = "<group>"; };
		8FBBCD052BF7AA8A00D2A1B1 /* APIService.swift */ = {isa = PBXFileReference; lastKnownFileType = sourcecode.swift; path = APIService.swift; sourceTree = "<group>"; };
		8FBBCD432BFD145E00D2A1B1 /* AppColors.swift */ = {isa = PBXFileReference; lastKnownFileType = sourcecode.swift; path = AppColors.swift; sourceTree = "<group>"; };
		8FBBCD472BFDE22D00D2A1B1 /* SelectButton.swift */ = {isa = PBXFileReference; lastKnownFileType = sourcecode.swift; path = SelectButton.swift; sourceTree = "<group>"; };
		8FBBCD492BFDE25C00D2A1B1 /* CustomBackButton.swift */ = {isa = PBXFileReference; lastKnownFileType = sourcecode.swift; path = CustomBackButton.swift; sourceTree = "<group>"; };
		8FBBCD4B2BFDE3A600D2A1B1 /* TextComponents.swift */ = {isa = PBXFileReference; lastKnownFileType = sourcecode.swift; path = TextComponents.swift; sourceTree = "<group>"; };
		8FBBCD4D2BFDEA8600D2A1B1 /* DistrictSelectionView.swift */ = {isa = PBXFileReference; lastKnownFileType = sourcecode.swift; path = DistrictSelectionView.swift; sourceTree = "<group>"; };
/* End PBXFileReference section */

/* Begin PBXFrameworksBuildPhase section */
		8FBBCCA62BF79C8200D2A1B1 /* Frameworks */ = {
			isa = PBXFrameworksBuildPhase;
			buildActionMask = 2147483647;
			files = (
			);
			runOnlyForDeploymentPostprocessing = 0;
		};
		8FBBCCB82BF79C8300D2A1B1 /* Frameworks */ = {
			isa = PBXFrameworksBuildPhase;
			buildActionMask = 2147483647;
			files = (
			);
			runOnlyForDeploymentPostprocessing = 0;
		};
		8FBBCCC22BF79C8400D2A1B1 /* Frameworks */ = {
			isa = PBXFrameworksBuildPhase;
			buildActionMask = 2147483647;
			files = (
			);
			runOnlyForDeploymentPostprocessing = 0;
		};
/* End PBXFrameworksBuildPhase section */

/* Begin PBXGroup section */
		8F2F03F42C2BFF4900DD85CE /* api */ = {
			isa = PBXGroup;
			children = (
				8FBBCD052BF7AA8A00D2A1B1 /* APIService.swift */,
			);
			path = api;
			sourceTree = "<group>";
		};
		8FBBCCA02BF79C8200D2A1B1 = {
			isa = PBXGroup;
			children = (
				8FBBCCAB2BF79C8200D2A1B1 /* eczane */,
				8FBBCCBE2BF79C8300D2A1B1 /* eczaneTests */,
				8FBBCCC82BF79C8400D2A1B1 /* eczaneUITests */,
				8FBBCCAA2BF79C8200D2A1B1 /* Products */,
			);
			sourceTree = "<group>";
		};
		8FBBCCAA2BF79C8200D2A1B1 /* Products */ = {
			isa = PBXGroup;
			children = (
				8FBBCCA92BF79C8200D2A1B1 /* eczane.app */,
				8FBBCCBB2BF79C8300D2A1B1 /* eczaneTests.xctest */,
				8FBBCCC52BF79C8400D2A1B1 /* eczaneUITests.xctest */,
			);
			name = Products;
			sourceTree = "<group>";
		};
		8FBBCCAB2BF79C8200D2A1B1 /* eczane */ = {
			isa = PBXGroup;
			children = (
				8F2F03F42C2BFF4900DD85CE /* api */,
				8FBBCCFE2BF7A5F300D2A1B1 /* components */,
				8FBBCCFB2BF7A29400D2A1B1 /* models */,
				8FBBCCF02BF7A00300D2A1B1 /* screens */,
				8FBBCCAC2BF79C8200D2A1B1 /* eczaneApp.swift */,
				8FBBCCAE2BF79C8200D2A1B1 /* ContentView.swift */,
				8FBBCCB02BF79C8200D2A1B1 /* Item.swift */,
				8FBBCCB22BF79C8300D2A1B1 /* Assets.xcassets */,
				8FBBCCB42BF79C8300D2A1B1 /* Preview Content */,
				8FBBCD432BFD145E00D2A1B1 /* AppColors.swift */,
			);
			path = eczane;
			sourceTree = "<group>";
		};
		8FBBCCB42BF79C8300D2A1B1 /* Preview Content */ = {
			isa = PBXGroup;
			children = (
				8FBBCCB52BF79C8300D2A1B1 /* Preview Assets.xcassets */,
			);
			path = "Preview Content";
			sourceTree = "<group>";
		};
		8FBBCCBE2BF79C8300D2A1B1 /* eczaneTests */ = {
			isa = PBXGroup;
			children = (
				8FBBCCBF2BF79C8300D2A1B1 /* eczaneTests.swift */,
			);
			path = eczaneTests;
			sourceTree = "<group>";
		};
		8FBBCCC82BF79C8400D2A1B1 /* eczaneUITests */ = {
			isa = PBXGroup;
			children = (
				8FBBCCC92BF79C8400D2A1B1 /* eczaneUITests.swift */,
				8FBBCCCB2BF79C8400D2A1B1 /* eczaneUITestsLaunchTests.swift */,
			);
			path = eczaneUITests;
			sourceTree = "<group>";
		};
		8FBBCCF02BF7A00300D2A1B1 /* screens */ = {
			isa = PBXGroup;
			children = (
				8FBBCD4D2BFDEA8600D2A1B1 /* DistrictSelectionView.swift */,
				8FBBCCEF2BF7A00300D2A1B1 /* PharmacyListView.swift */,
			);
			name = screens;
			path = ../../pickerview/nobetcieczane/screens;
			sourceTree = "<group>";
		};
		8FBBCCFB2BF7A29400D2A1B1 /* models */ = {
			isa = PBXGroup;
			children = (
				8FBBCCEA2BF79F9A00D2A1B1 /* PharmacyModel.swift */,
				8FBBCCEC2BF79F9F00D2A1B1 /* ApiResponse.swift */,
			);
			path = models;
			sourceTree = "<group>";
		};
		8FBBCCFE2BF7A5F300D2A1B1 /* components */ = {
			isa = PBXGroup;
			children = (
				8FBBCCFF2BF7A60B00D2A1B1 /* HeaderView.swift */,
				8FBBCD032BF7A97100D2A1B1 /* SearchButton.swift */,
				8FBBCD472BFDE22D00D2A1B1 /* SelectButton.swift */,
				8FBBCD492BFDE25C00D2A1B1 /* CustomBackButton.swift */,
				8FBBCD4B2BFDE3A600D2A1B1 /* TextComponents.swift */,
			);
			path = components;
			sourceTree = "<group>";
		};
/* End PBXGroup section */

/* Begin PBXNativeTarget section */
		8FBBCCA82BF79C8200D2A1B1 /* eczane */ = {
			isa = PBXNativeTarget;
			buildConfigurationList = 8FBBCCCF2BF79C8400D2A1B1 /* Build configuration list for PBXNativeTarget "eczane" */;
			buildPhases = (
				8FBBCCA52BF79C8200D2A1B1 /* Sources */,
				8FBBCCA62BF79C8200D2A1B1 /* Frameworks */,
				8FBBCCA72BF79C8200D2A1B1 /* Resources */,
			);
			buildRules = (
				8FBBCCF82BF7A1B300D2A1B1 /* PBXBuildRule */,
			);
			dependencies = (
			);
			name = eczane;
			productName = eczane;
			productReference = 8FBBCCA92BF79C8200D2A1B1 /* eczane.app */;
			productType = "com.apple.product-type.application";
		};
		8FBBCCBA2BF79C8300D2A1B1 /* eczaneTests */ = {
			isa = PBXNativeTarget;
			buildConfigurationList = 8FBBCCD22BF79C8400D2A1B1 /* Build configuration list for PBXNativeTarget "eczaneTests" */;
			buildPhases = (
				8FBBCCB72BF79C8300D2A1B1 /* Sources */,
				8FBBCCB82BF79C8300D2A1B1 /* Frameworks */,
				8FBBCCB92BF79C8300D2A1B1 /* Resources */,
			);
			buildRules = (
			);
			dependencies = (
				8FBBCCBD2BF79C8300D2A1B1 /* PBXTargetDependency */,
			);
			name = eczaneTests;
			productName = eczaneTests;
			productReference = 8FBBCCBB2BF79C8300D2A1B1 /* eczaneTests.xctest */;
			productType = "com.apple.product-type.bundle.unit-test";
		};
		8FBBCCC42BF79C8400D2A1B1 /* eczaneUITests */ = {
			isa = PBXNativeTarget;
			buildConfigurationList = 8FBBCCD52BF79C8400D2A1B1 /* Build configuration list for PBXNativeTarget "eczaneUITests" */;
			buildPhases = (
				8FBBCCC12BF79C8400D2A1B1 /* Sources */,
				8FBBCCC22BF79C8400D2A1B1 /* Frameworks */,
				8FBBCCC32BF79C8400D2A1B1 /* Resources */,
			);
			buildRules = (
			);
			dependencies = (
				8FBBCCC72BF79C8400D2A1B1 /* PBXTargetDependency */,
			);
			name = eczaneUITests;
			productName = eczaneUITests;
			productReference = 8FBBCCC52BF79C8400D2A1B1 /* eczaneUITests.xctest */;
			productType = "com.apple.product-type.bundle.ui-testing";
		};
/* End PBXNativeTarget section */

/* Begin PBXProject section */
		8FBBCCA12BF79C8200D2A1B1 /* Project object */ = {
			isa = PBXProject;
			attributes = {
				BuildIndependentTargetsInParallel = 1;
				LastSwiftUpdateCheck = 1530;
				LastUpgradeCheck = 1530;
				TargetAttributes = {
					8FBBCCA82BF79C8200D2A1B1 = {
						CreatedOnToolsVersion = 15.3;
					};
					8FBBCCBA2BF79C8300D2A1B1 = {
						CreatedOnToolsVersion = 15.3;
						TestTargetID = 8FBBCCA82BF79C8200D2A1B1;
					};
					8FBBCCC42BF79C8400D2A1B1 = {
						CreatedOnToolsVersion = 15.3;
						TestTargetID = 8FBBCCA82BF79C8200D2A1B1;
					};
				};
			};
			buildConfigurationList = 8FBBCCA42BF79C8200D2A1B1 /* Build configuration list for PBXProject "eczane" */;
			compatibilityVersion = "Xcode 14.0";
			developmentRegion = en;
			hasScannedForEncodings = 0;
			knownRegions = (
				en,
				Base,
			);
			mainGroup = 8FBBCCA02BF79C8200D2A1B1;
			productRefGroup = 8FBBCCAA2BF79C8200D2A1B1 /* Products */;
			projectDirPath = "";
			projectRoot = "";
			targets = (
				8FBBCCA82BF79C8200D2A1B1 /* eczane */,
				8FBBCCBA2BF79C8300D2A1B1 /* eczaneTests */,
				8FBBCCC42BF79C8400D2A1B1 /* eczaneUITests */,
			);
		};
/* End PBXProject section */

/* Begin PBXResourcesBuildPhase section */
		8FBBCCA72BF79C8200D2A1B1 /* Resources */ = {
			isa = PBXResourcesBuildPhase;
			buildActionMask = 2147483647;
			files = (
				8FBBCCB62BF79C8300D2A1B1 /* Preview Assets.xcassets in Resources */,
				8FBBCCB32BF79C8300D2A1B1 /* Assets.xcassets in Resources */,
			);
			runOnlyForDeploymentPostprocessing = 0;
		};
		8FBBCCB92BF79C8300D2A1B1 /* Resources */ = {
			isa = PBXResourcesBuildPhase;
			buildActionMask = 2147483647;
			files = (
			);
			runOnlyForDeploymentPostprocessing = 0;
		};
		8FBBCCC32BF79C8400D2A1B1 /* Resources */ = {
			isa = PBXResourcesBuildPhase;
			buildActionMask = 2147483647;
			files = (
			);
			runOnlyForDeploymentPostprocessing = 0;
		};
/* End PBXResourcesBuildPhase section */

/* Begin PBXSourcesBuildPhase section */
		8FBBCCA52BF79C8200D2A1B1 /* Sources */ = {
			isa = PBXSourcesBuildPhase;
			buildActionMask = 2147483647;
			files = (
				8FBBCD4E2BFDEA8600D2A1B1 /* DistrictSelectionView.swift in Sources */,
				8FBBCCAF2BF79C8200D2A1B1 /* ContentView.swift in Sources */,
				8FBBCCB12BF79C8200D2A1B1 /* Item.swift in Sources */,
				8FBBCD062BF7AA8A00D2A1B1 /* APIService.swift in Sources */,
				8FBBCCF22BF7A00300D2A1B1 /* PharmacyListView.swift in Sources */,
				8FBBCD042BF7A97100D2A1B1 /* SearchButton.swift in Sources */,
				8FBBCCED2BF79F9F00D2A1B1 /* ApiResponse.swift in Sources */,
				8FBBCD4C2BFDE3A600D2A1B1 /* TextComponents.swift in Sources */,
				8FBBCCEB2BF79F9A00D2A1B1 /* PharmacyModel.swift in Sources */,
				8FBBCD442BFD145E00D2A1B1 /* AppColors.swift in Sources */,
				8FBBCD482BFDE22D00D2A1B1 /* SelectButton.swift in Sources */,
				8FBBCCAD2BF79C8200D2A1B1 /* eczaneApp.swift in Sources */,
				8FBBCD4A2BFDE25C00D2A1B1 /* CustomBackButton.swift in Sources */,
				8FBBCD002BF7A60B00D2A1B1 /* HeaderView.swift in Sources */,
			);
			runOnlyForDeploymentPostprocessing = 0;
		};
		8FBBCCB72BF79C8300D2A1B1 /* Sources */ = {
			isa = PBXSourcesBuildPhase;
			buildActionMask = 2147483647;
			files = (
				8FBBCCC02BF79C8300D2A1B1 /* eczaneTests.swift in Sources */,
			);
			runOnlyForDeploymentPostprocessing = 0;
		};
		8FBBCCC12BF79C8400D2A1B1 /* Sources */ = {
			isa = PBXSourcesBuildPhase;
			buildActionMask = 2147483647;
			files = (
				8FBBCCCC2BF79C8400D2A1B1 /* eczaneUITestsLaunchTests.swift in Sources */,
				8FBBCCCA2BF79C8400D2A1B1 /* eczaneUITests.swift in Sources */,
			);
			runOnlyForDeploymentPostprocessing = 0;
		};
/* End PBXSourcesBuildPhase section */

/* Begin PBXTargetDependency section */
		8FBBCCBD2BF79C8300D2A1B1 /* PBXTargetDependency */ = {
			isa = PBXTargetDependency;
			target = 8FBBCCA82BF79C8200D2A1B1 /* eczane */;
			targetProxy = 8FBBCCBC2BF79C8300D2A1B1 /* PBXContainerItemProxy */;
		};
		8FBBCCC72BF79C8400D2A1B1 /* PBXTargetDependency */ = {
			isa = PBXTargetDependency;
			target = 8FBBCCA82BF79C8200D2A1B1 /* eczane */;
			targetProxy = 8FBBCCC62BF79C8400D2A1B1 /* PBXContainerItemProxy */;
		};
/* End PBXTargetDependency section */

/* Begin XCBuildConfiguration section */
		8FBBCCCD2BF79C8400D2A1B1 /* Debug */ = {
			isa = XCBuildConfiguration;
			buildSettings = {
				ALWAYS_SEARCH_USER_PATHS = NO;
				ASSETCATALOG_COMPILER_GENERATE_SWIFT_ASSET_SYMBOL_EXTENSIONS = YES;
				CLANG_ANALYZER_NONNULL = YES;
				CLANG_ANALYZER_NUMBER_OBJECT_CONVERSION = YES_AGGRESSIVE;
				CLANG_CXX_LANGUAGE_STANDARD = "gnu++20";
				CLANG_ENABLE_MODULES = YES;
				CLANG_ENABLE_OBJC_ARC = YES;
				CLANG_ENABLE_OBJC_WEAK = YES;
				CLANG_WARN_BLOCK_CAPTURE_AUTORELEASING = YES;
				CLANG_WARN_BOOL_CONVERSION = YES;
				CLANG_WARN_COMMA = YES;
				CLANG_WARN_CONSTANT_CONVERSION = YES;
				CLANG_WARN_DEPRECATED_OBJC_IMPLEMENTATIONS = YES;
				CLANG_WARN_DIRECT_OBJC_ISA_USAGE = YES_ERROR;
				CLANG_WARN_DOCUMENTATION_COMMENTS = YES;
				CLANG_WARN_EMPTY_BODY = YES;
				CLANG_WARN_ENUM_CONVERSION = YES;
				CLANG_WARN_INFINITE_RECURSION = YES;
				CLANG_WARN_INT_CONVERSION = YES;
				CLANG_WARN_NON_LITERAL_NULL_CONVERSION = YES;
				CLANG_WARN_OBJC_IMPLICIT_RETAIN_SELF = YES;
				CLANG_WARN_OBJC_LITERAL_CONVERSION = YES;
				CLANG_WARN_OBJC_ROOT_CLASS = YES_ERROR;
				CLANG_WARN_QUOTED_INCLUDE_IN_FRAMEWORK_HEADER = YES;
				CLANG_WARN_RANGE_LOOP_ANALYSIS = YES;
				CLANG_WARN_STRICT_PROTOTYPES = YES;
				CLANG_WARN_SUSPICIOUS_MOVE = YES;
				CLANG_WARN_UNGUARDED_AVAILABILITY = YES_AGGRESSIVE;
				CLANG_WARN_UNREACHABLE_CODE = YES;
				CLANG_WARN__DUPLICATE_METHOD_MATCH = YES;
				COPY_PHASE_STRIP = NO;
				DEBUG_INFORMATION_FORMAT = dwarf;
				ENABLE_STRICT_OBJC_MSGSEND = YES;
				ENABLE_TESTABILITY = YES;
				ENABLE_USER_SCRIPT_SANDBOXING = YES;
				GCC_C_LANGUAGE_STANDARD = gnu17;
				GCC_DYNAMIC_NO_PIC = NO;
				GCC_NO_COMMON_BLOCKS = YES;
				GCC_OPTIMIZATION_LEVEL = 0;
				GCC_PREPROCESSOR_DEFINITIONS = (
					"DEBUG=1",
					"$(inherited)",
				);
				GCC_WARN_64_TO_32_BIT_CONVERSION = YES;
				GCC_WARN_ABOUT_RETURN_TYPE = YES_ERROR;
				GCC_WARN_UNDECLARED_SELECTOR = YES;
				GCC_WARN_UNINITIALIZED_AUTOS = YES_AGGRESSIVE;
				GCC_WARN_UNUSED_FUNCTION = YES;
				GCC_WARN_UNUSED_VARIABLE = YES;
				IPHONEOS_DEPLOYMENT_TARGET = 17.4;
				LOCALIZATION_PREFERS_STRING_CATALOGS = YES;
				MTL_ENABLE_DEBUG_INFO = INCLUDE_SOURCE;
				MTL_FAST_MATH = YES;
				ONLY_ACTIVE_ARCH = YES;
				SDKROOT = iphoneos;
				SWIFT_ACTIVE_COMPILATION_CONDITIONS = "DEBUG $(inherited)";
				SWIFT_OPTIMIZATION_LEVEL = "-Onone";
			};
			name = Debug;
		};
		8FBBCCCE2BF79C8400D2A1B1 /* Release */ = {
			isa = XCBuildConfiguration;
			buildSettings = {
				ALWAYS_SEARCH_USER_PATHS = NO;
				ASSETCATALOG_COMPILER_GENERATE_SWIFT_ASSET_SYMBOL_EXTENSIONS = YES;
				CLANG_ANALYZER_NONNULL = YES;
				CLANG_ANALYZER_NUMBER_OBJECT_CONVERSION = YES_AGGRESSIVE;
				CLANG_CXX_LANGUAGE_STANDARD = "gnu++20";
				CLANG_ENABLE_MODULES = YES;
				CLANG_ENABLE_OBJC_ARC = YES;
				CLANG_ENABLE_OBJC_WEAK = YES;
				CLANG_WARN_BLOCK_CAPTURE_AUTORELEASING = YES;
				CLANG_WARN_BOOL_CONVERSION = YES;
				CLANG_WARN_COMMA = YES;
				CLANG_WARN_CONSTANT_CONVERSION = YES;
				CLANG_WARN_DEPRECATED_OBJC_IMPLEMENTATIONS = YES;
				CLANG_WARN_DIRECT_OBJC_ISA_USAGE = YES_ERROR;
				CLANG_WARN_DOCUMENTATION_COMMENTS = YES;
				CLANG_WARN_EMPTY_BODY = YES;
				CLANG_WARN_ENUM_CONVERSION = YES;
				CLANG_WARN_INFINITE_RECURSION = YES;
				CLANG_WARN_INT_CONVERSION = YES;
				CLANG_WARN_NON_LITERAL_NULL_CONVERSION = YES;
				CLANG_WARN_OBJC_IMPLICIT_RETAIN_SELF = YES;
				CLANG_WARN_OBJC_LITERAL_CONVERSION = YES;
				CLANG_WARN_OBJC_ROOT_CLASS = YES_ERROR;
				CLANG_WARN_QUOTED_INCLUDE_IN_FRAMEWORK_HEADER = YES;
				CLANG_WARN_RANGE_LOOP_ANALYSIS = YES;
				CLANG_WARN_STRICT_PROTOTYPES = YES;
				CLANG_WARN_SUSPICIOUS_MOVE = YES;
				CLANG_WARN_UNGUARDED_AVAILABILITY = YES_AGGRESSIVE;
				CLANG_WARN_UNREACHABLE_CODE = YES;
				CLANG_WARN__DUPLICATE_METHOD_MATCH = YES;
				COPY_PHASE_STRIP = NO;
				DEBUG_INFORMATION_FORMAT = "dwarf-with-dsym";
				ENABLE_NS_ASSERTIONS = NO;
				ENABLE_STRICT_OBJC_MSGSEND = YES;
				ENABLE_USER_SCRIPT_SANDBOXING = YES;
				GCC_C_LANGUAGE_STANDARD = gnu17;
				GCC_NO_COMMON_BLOCKS = YES;
				GCC_WARN_64_TO_32_BIT_CONVERSION = YES;
				GCC_WARN_ABOUT_RETURN_TYPE = YES_ERROR;
				GCC_WARN_UNDECLARED_SELECTOR = YES;
				GCC_WARN_UNINITIALIZED_AUTOS = YES_AGGRESSIVE;
				GCC_WARN_UNUSED_FUNCTION = YES;
				GCC_WARN_UNUSED_VARIABLE = YES;
				IPHONEOS_DEPLOYMENT_TARGET = 17.4;
				LOCALIZATION_PREFERS_STRING_CATALOGS = YES;
				MTL_ENABLE_DEBUG_INFO = NO;
				MTL_FAST_MATH = YES;
				SDKROOT = iphoneos;
				SWIFT_COMPILATION_MODE = wholemodule;
				VALIDATE_PRODUCT = YES;
			};
			name = Release;
		};
		8FBBCCD02BF79C8400D2A1B1 /* Debug */ = {
			isa = XCBuildConfiguration;
			buildSettings = {
				ASSETCATALOG_COMPILER_APPICON_NAME = AppIcon;
				ASSETCATALOG_COMPILER_GLOBAL_ACCENT_COLOR_NAME = AccentColor;
				ASSETCATALOG_COMPILER_INCLUDE_ALL_APPICON_ASSETS = NO;
				CODE_SIGN_STYLE = Automatic;
				CURRENT_PROJECT_VERSION = 1;
				DEVELOPMENT_ASSET_PATHS = "\"eczane/Preview Content\"";
				DEVELOPMENT_TEAM = T4LB3SYDLR;
				ENABLE_PREVIEWS = YES;
				GENERATE_INFOPLIST_FILE = YES;
				INFOPLIST_KEY_CFBundleDisplayName = "Nöbetçi Eczane";
				INFOPLIST_KEY_UIApplicationSceneManifest_Generation = YES;
				INFOPLIST_KEY_UIApplicationSupportsIndirectInputEvents = YES;
				INFOPLIST_KEY_UILaunchScreen_Generation = YES;
				INFOPLIST_KEY_UISupportedInterfaceOrientations_iPad = "UIInterfaceOrientationPortrait UIInterfaceOrientationPortraitUpsideDown UIInterfaceOrientationLandscapeLeft UIInterfaceOrientationLandscapeRight";
				INFOPLIST_KEY_UISupportedInterfaceOrientations_iPhone = "UIInterfaceOrientationPortrait UIInterfaceOrientationLandscapeLeft UIInterfaceOrientationLandscapeRight";
				LD_RUNPATH_SEARCH_PATHS = (
					"$(inherited)",
					"@executable_path/Frameworks",
				);
				MARKETING_VERSION = 1.0;
				PRODUCT_BUNDLE_IDENTIFIER = shabanhazem11.eczane;
				PRODUCT_NAME = "$(TARGET_NAME)";
				SWIFT_EMIT_LOC_STRINGS = YES;
				SWIFT_VERSION = 5.0;
				TARGETED_DEVICE_FAMILY = "1,2";
			};
			name = Debug;
		};
		8FBBCCD12BF79C8400D2A1B1 /* Release */ = {
			isa = XCBuildConfiguration;
			buildSettings = {
				ASSETCATALOG_COMPILER_APPICON_NAME = AppIcon;
				ASSETCATALOG_COMPILER_GLOBAL_ACCENT_COLOR_NAME = AccentColor;
				ASSETCATALOG_COMPILER_INCLUDE_ALL_APPICON_ASSETS = NO;
				CODE_SIGN_STYLE = Automatic;
				CURRENT_PROJECT_VERSION = 1;
				DEVELOPMENT_ASSET_PATHS = "\"eczane/Preview Content\"";
				DEVELOPMENT_TEAM = T4LB3SYDLR;
				ENABLE_PREVIEWS = YES;
				GENERATE_INFOPLIST_FILE = YES;
				INFOPLIST_KEY_CFBundleDisplayName = "Nöbetçi Eczane";
				INFOPLIST_KEY_UIApplicationSceneManifest_Generation = YES;
				INFOPLIST_KEY_UIApplicationSupportsIndirectInputEvents = YES;
				INFOPLIST_KEY_UILaunchScreen_Generation = YES;
				INFOPLIST_KEY_UISupportedInterfaceOrientations_iPad = "UIInterfaceOrientationPortrait UIInterfaceOrientationPortraitUpsideDown UIInterfaceOrientationLandscapeLeft UIInterfaceOrientationLandscapeRight";
				INFOPLIST_KEY_UISupportedInterfaceOrientations_iPhone = "UIInterfaceOrientationPortrait UIInterfaceOrientationLandscapeLeft UIInterfaceOrientationLandscapeRight";
				LD_RUNPATH_SEARCH_PATHS = (
					"$(inherited)",
					"@executable_path/Frameworks",
				);
				MARKETING_VERSION = 1.0;
				PRODUCT_BUNDLE_IDENTIFIER = shabanhazem11.eczane;
				PRODUCT_NAME = "$(TARGET_NAME)";
				SWIFT_EMIT_LOC_STRINGS = YES;
				SWIFT_VERSION = 5.0;
				TARGETED_DEVICE_FAMILY = "1,2";
			};
			name = Release;
		};
		8FBBCCD32BF79C8400D2A1B1 /* Debug */ = {
			isa = XCBuildConfiguration;
			buildSettings = {
				ALWAYS_EMBED_SWIFT_STANDARD_LIBRARIES = YES;
				BUNDLE_LOADER = "$(TEST_HOST)";
				CODE_SIGN_STYLE = Automatic;
				CURRENT_PROJECT_VERSION = 1;
				GENERATE_INFOPLIST_FILE = YES;
				IPHONEOS_DEPLOYMENT_TARGET = 17.4;
				MARKETING_VERSION = 1.0;
				PRODUCT_BUNDLE_IDENTIFIER = shabanhazem11.eczaneTests;
				PRODUCT_NAME = "$(TARGET_NAME)";
				SWIFT_EMIT_LOC_STRINGS = NO;
				SWIFT_VERSION = 5.0;
				TARGETED_DEVICE_FAMILY = "1,2";
				TEST_HOST = "$(BUILT_PRODUCTS_DIR)/eczane.app/$(BUNDLE_EXECUTABLE_FOLDER_PATH)/eczane";
			};
			name = Debug;
		};
		8FBBCCD42BF79C8400D2A1B1 /* Release */ = {
			isa = XCBuildConfiguration;
			buildSettings = {
				ALWAYS_EMBED_SWIFT_STANDARD_LIBRARIES = YES;
				BUNDLE_LOADER = "$(TEST_HOST)";
				CODE_SIGN_STYLE = Automatic;
				CURRENT_PROJECT_VERSION = 1;
				GENERATE_INFOPLIST_FILE = YES;
				IPHONEOS_DEPLOYMENT_TARGET = 17.4;
				MARKETING_VERSION = 1.0;
				PRODUCT_BUNDLE_IDENTIFIER = shabanhazem11.eczaneTests;
				PRODUCT_NAME = "$(TARGET_NAME)";
				SWIFT_EMIT_LOC_STRINGS = NO;
				SWIFT_VERSION = 5.0;
				TARGETED_DEVICE_FAMILY = "1,2";
				TEST_HOST = "$(BUILT_PRODUCTS_DIR)/eczane.app/$(BUNDLE_EXECUTABLE_FOLDER_PATH)/eczane";
			};
			name = Release;
		};
		8FBBCCD62BF79C8400D2A1B1 /* Debug */ = {
			isa = XCBuildConfiguration;
			buildSettings = {
				ALWAYS_EMBED_SWIFT_STANDARD_LIBRARIES = YES;
				CODE_SIGN_STYLE = Automatic;
				CURRENT_PROJECT_VERSION = 1;
				GENERATE_INFOPLIST_FILE = YES;
				MARKETING_VERSION = 1.0;
				PRODUCT_BUNDLE_IDENTIFIER = shabanhazem11.eczaneUITests;
				PRODUCT_NAME = "$(TARGET_NAME)";
				SWIFT_EMIT_LOC_STRINGS = NO;
				SWIFT_VERSION = 5.0;
				TARGETED_DEVICE_FAMILY = "1,2";
				TEST_TARGET_NAME = eczane;
			};
			name = Debug;
		};
		8FBBCCD72BF79C8400D2A1B1 /* Release */ = {
			isa = XCBuildConfiguration;
			buildSettings = {
				ALWAYS_EMBED_SWIFT_STANDARD_LIBRARIES = YES;
				CODE_SIGN_STYLE = Automatic;
				CURRENT_PROJECT_VERSION = 1;
				GENERATE_INFOPLIST_FILE = YES;
				MARKETING_VERSION = 1.0;
				PRODUCT_BUNDLE_IDENTIFIER = shabanhazem11.eczaneUITests;
				PRODUCT_NAME = "$(TARGET_NAME)";
				SWIFT_EMIT_LOC_STRINGS = NO;
				SWIFT_VERSION = 5.0;
				TARGETED_DEVICE_FAMILY = "1,2";
				TEST_TARGET_NAME = eczane;
			};
			name = Release;
		};
/* End XCBuildConfiguration section */

/* Begin XCConfigurationList section */
		8FBBCCA42BF79C8200D2A1B1 /* Build configuration list for PBXProject "eczane" */ = {
			isa = XCConfigurationList;
			buildConfigurations = (
				8FBBCCCD2BF79C8400D2A1B1 /* Debug */,
				8FBBCCCE2BF79C8400D2A1B1 /* Release */,
			);
			defaultConfigurationIsVisible = 0;
			defaultConfigurationName = Release;
		};
		8FBBCCCF2BF79C8400D2A1B1 /* Build configuration list for PBXNativeTarget "eczane" */ = {
			isa = XCConfigurationList;
			buildConfigurations = (
				8FBBCCD02BF79C8400D2A1B1 /* Debug */,
				8FBBCCD12BF79C8400D2A1B1 /* Release */,
			);
			defaultConfigurationIsVisible = 0;
			defaultConfigurationName = Release;
		};
		8FBBCCD22BF79C8400D2A1B1 /* Build configuration list for PBXNativeTarget "eczaneTests" */ = {
			isa = XCConfigurationList;
			buildConfigurations = (
				8FBBCCD32BF79C8400D2A1B1 /* Debug */,
				8FBBCCD42BF79C8400D2A1B1 /* Release */,
			);
			defaultConfigurationIsVisible = 0;
			defaultConfigurationName = Release;
		};
		8FBBCCD52BF79C8400D2A1B1 /* Build configuration list for PBXNativeTarget "eczaneUITests" */ = {
			isa = XCConfigurationList;
			buildConfigurations = (
				8FBBCCD62BF79C8400D2A1B1 /* Debug */,
				8FBBCCD72BF79C8400D2A1B1 /* Release */,
			);
			defaultConfigurationIsVisible = 0;
			defaultConfigurationName = Release;
		};
/* End XCConfigurationList section */
	};
	rootObject = 8FBBCCA12BF79C8200D2A1B1 /* Project object */;
}
